
Microsoft Visual Studio Solution File, Format Version 12.00
# Visual Studio Version 17
VisualStudioVersion = 17.0.31903.59
MinimumVisualStudioVersion = 10.0.40219.1
Project("{2150E333-8FDC-42A3-9474-1A3956D46DE8}") = "GoBeyond.API", "GoBeyond.API", "{C7840296-0271-8082-4669-51EE585352CC}"
EndProject
Project("{FAE04EC0-301F-11D3-BF4B-00C04F79EFBC}") = "GoBeyond.API", "GoBeyond.API\GoBeyond.API\GoBeyond.API.csproj", "{3DE6A81E-6867-459D-A909-2B03CA6D1C43}"
EndProject
Project("{FAE04EC0-301F-11D3-BF4B-00C04F79EFBC}") = "GoBeyond.Core", "GoBeyond.API\GoBeyond.Core\GoBeyond.Core.csproj", "{284AE341-0B03-4515-87CF-5310C7013483}"
EndProject
Project("{FAE04EC0-301F-11D3-BF4B-00C04F79EFBC}") = "GoBeyond.Infrastructure", "GoBeyond.API\GoBeyond.Infrastructure\GoBeyond.Infrastructure.csproj", "{485D1CFA-0D61-4AF9-9132-5996D2442326}"
EndProject
Project("{FAE04EC0-301F-11D3-BF4B-00C04F79EFBC}") = "GoBeyond.Contracts", "GoBeyond.API\GoBeyond.Contracts\GoBeyond.Contracts.csproj", "{84A439EA-5E55-4376-BFAD-15DD896D0850}"
EndProject
Project("{FAE04EC0-301F-11D3-BF4B-00C04F79EFBC}") = "GoBeyond.EmailConsumer", "GoBeyond.API\GoBeyond.EmailConsumer\GoBeyond.EmailConsumer.csproj", "{9EE0A18B-FA71-4D11-BD68-C1CA6A4E5166}"
EndProject
Global
	GlobalSection(SolutionConfigurationPlatforms) = preSolution
		Debug|Any CPU = Debug|Any CPU
		Debug|x64 = Debug|x64
		Debug|x86 = Debug|x86
		Release|Any CPU = Release|Any CPU
		Release|x64 = Release|x64
		Release|x86 = Release|x86
	EndGlobalSection
	GlobalSection(ProjectConfigurationPlatforms) = postSolution
		{3DE6A81E-6867-459D-A909-2B03CA6D1C43}.Debug|Any CPU.ActiveCfg = Debug|Any CPU
		{3DE6A81E-6867-459D-A909-2B03CA6D1C43}.Debug|Any CPU.Build.0 = Debug|Any CPU
		{3DE6A81E-6867-459D-A909-2B03CA6D1C43}.Debug|x64.ActiveCfg = Debug|Any CPU
		{3DE6A81E-6867-459D-A909-2B03CA6D1C43}.Debug|x64.Build.0 = Debug|Any CPU
		{3DE6A81E-6867-459D-A909-2B03CA6D1C43}.Debug|x86.ActiveCfg = Debug|Any CPU
		{3DE6A81E-6867-459D-A909-2B03CA6D1C43}.Debug|x86.Build.0 = Debug|Any CPU
		{3DE6A81E-6867-459D-A909-2B03CA6D1C43}.Release|Any CPU.ActiveCfg = Release|Any CPU
		{3DE6A81E-6867-459D-A909-2B03CA6D1C43}.Release|Any CPU.Build.0 = Release|Any CPU
		{3DE6A81E-6867-459D-A909-2B03CA6D1C43}.Release|x64.ActiveCfg = Release|Any CPU
		{3DE6A81E-6867-459D-A909-2B03CA6D1C43}.Release|x64.Build.0 = Release|Any CPU
		{3DE6A81E-6867-459D-A909-2B03CA6D1C43}.Release|x86.ActiveCfg = Release|Any CPU
		{3DE6A81E-6867-459D-A909-2B03CA6D1C43}.Release|x86.Build.0 = Release|Any CPU
		{284AE341-0B03-4515-87CF-5310C7013483}.Debug|Any CPU.ActiveCfg = Debug|Any CPU
		{284AE341-0B03-4515-87CF-5310C7013483}.Debug|Any CPU.Build.0 = Debug|Any CPU
		{284AE341-0B03-4515-87CF-5310C7013483}.Debug|x64.ActiveCfg = Debug|Any CPU
		{284AE341-0B03-4515-87CF-5310C7013483}.Debug|x64.Build.0 = Debug|Any CPU
		{284AE341-0B03-4515-87CF-5310C7013483}.Debug|x86.ActiveCfg = Debug|Any CPU
		{284AE341-0B03-4515-87CF-5310C7013483}.Debug|x86.Build.0 = Debug|Any CPU
		{284AE341-0B03-4515-87CF-5310C7013483}.Release|Any CPU.ActiveCfg = Release|Any CPU
		{284AE341-0B03-4515-87CF-5310C7013483}.Release|Any CPU.Build.0 = Release|Any CPU
		{284AE341-0B03-4515-87CF-5310C7013483}.Release|x64.ActiveCfg = Release|Any CPU
		{284AE341-0B03-4515-87CF-5310C7013483}.Release|x64.Build.0 = Release|Any CPU
		{284AE341-0B03-4515-87CF-5310C7013483}.Release|x86.ActiveCfg = Release|Any CPU
		{284AE341-0B03-4515-87CF-5310C7013483}.Release|x86.Build.0 = Release|Any CPU
		{485D1CFA-0D61-4AF9-9132-5996D2442326}.Debug|Any CPU.ActiveCfg = Debug|Any CPU
		{485D1CFA-0D61-4AF9-9132-5996D2442326}.Debug|Any CPU.Build.0 = Debug|Any CPU
		{485D1CFA-0D61-4AF9-9132-5996D2442326}.Debug|x64.ActiveCfg = Debug|Any CPU
		{485D1CFA-0D61-4AF9-9132-5996D2442326}.Debug|x64.Build.0 = Debug|Any CPU
		{485D1CFA-0D61-4AF9-9132-5996D2442326}.Debug|x86.ActiveCfg = Debug|Any CPU
		{485D1CFA-0D61-4AF9-9132-5996D2442326}.Debug|x86.Build.0 = Debug|Any CPU
		{485D1CFA-0D61-4AF9-9132-5996D2442326}.Release|Any CPU.ActiveCfg = Release|Any CPU
		{485D1CFA-0D61-4AF9-9132-5996D2442326}.Release|Any CPU.Build.0 = Release|Any CPU
		{485D1CFA-0D61-4AF9-9132-5996D2442326}.Release|x64.ActiveCfg = Release|Any CPU
		{485D1CFA-0D61-4AF9-9132-5996D2442326}.Release|x64.Build.0 = Release|Any CPU
		{485D1CFA-0D61-4AF9-9132-5996D2442326}.Release|x86.ActiveCfg = Release|Any CPU
		{485D1CFA-0D61-4AF9-9132-5996D2442326}.Release|x86.Build.0 = Release|Any CPU
		{84A439EA-5E55-4376-BFAD-15DD896D0850}.Debug|Any CPU.ActiveCfg = Debug|Any CPU
		{84A439EA-5E55-4376-BFAD-15DD896D0850}.Debug|Any CPU.Build.0 = Debug|Any CPU
		{84A439EA-5E55-4376-BFAD-15DD896D0850}.Debug|x64.ActiveCfg = Debug|Any CPU
		{84A439EA-5E55-4376-BFAD-15DD896D0850}.Debug|x64.Build.0 = Debug|Any CPU
		{84A439EA-5E55-4376-BFAD-15DD896D0850}.Debug|x86.ActiveCfg = Debug|Any CPU
		{84A439EA-5E55-4376-BFAD-15DD896D0850}.Debug|x86.Build.0 = Debug|Any CPU
		{84A439EA-5E55-4376-BFAD-15DD896D0850}.Release|Any CPU.ActiveCfg = Release|Any CPU
		{84A439EA-5E55-4376-BFAD-15DD896D0850}.Release|Any CPU.Build.0 = Release|Any CPU
		{84A439EA-5E55-4376-BFAD-15DD896D0850}.Release|x64.ActiveCfg = Release|Any CPU
		{84A439EA-5E55-4376-BFAD-15DD896D0850}.Release|x64.Build.0 = Release|Any CPU
		{84A439EA-5E55-4376-BFAD-15DD896D0850}.Release|x86.ActiveCfg = Release|Any CPU
		{84A439EA-5E55-4376-BFAD-15DD896D0850}.Release|x86.Build.0 = Release|Any CPU
		{9EE0A18B-FA71-4D11-BD68-C1CA6A4E5166}.Debug|Any CPU.ActiveCfg = Debug|Any CPU
		{9EE0A18B-FA71-4D11-BD68-C1CA6A4E5166}.Debug|Any CPU.Build.0 = Debug|Any CPU
		{9EE0A18B-FA71-4D11-BD68-C1CA6A4E5166}.Debug|x64.ActiveCfg = Debug|Any CPU
		{9EE0A18B-FA71-4D11-BD68-C1CA6A4E5166}.Debug|x64.Build.0 = Debug|Any CPU
		{9EE0A18B-FA71-4D11-BD68-C1CA6A4E5166}.Debug|x86.ActiveCfg = Debug|Any CPU
		{9EE0A18B-FA71-4D11-BD68-C1CA6A4E5166}.Debug|x86.Build.0 = Debug|Any CPU
		{9EE0A18B-FA71-4D11-BD68-C1CA6A4E5166}.Release|Any CPU.ActiveCfg = Release|Any CPU
		{9EE0A18B-FA71-4D11-BD68-C1CA6A4E5166}.Release|Any CPU.Build.0 = Release|Any CPU
		{9EE0A18B-FA71-4D11-BD68-C1CA6A4E5166}.Release|x64.ActiveCfg = Release|Any CPU
		{9EE0A18B-FA71-4D11-BD68-C1CA6A4E5166}.Release|x64.Build.0 = Release|Any CPU
		{9EE0A18B-FA71-4D11-BD68-C1CA6A4E5166}.Release|x86.ActiveCfg = Release|Any CPU
		{9EE0A18B-FA71-4D11-BD68-C1CA6A4E5166}.Release|x86.Build.0 = Release|Any CPU
	EndGlobalSection
	GlobalSection(SolutionProperties) = preSolution
		HideSolutionNode = FALSE
	EndGlobalSection
	GlobalSection(NestedProjects) = preSolution
		{3DE6A81E-6867-459D-A909-2B03CA6D1C43} = {C7840296-0271-8082-4669-51EE585352CC}
		{284AE341-0B03-4515-87CF-5310C7013483} = {C7840296-0271-8082-4669-51EE585352CC}
		{485D1CFA-0D61-4AF9-9132-5996D2442326} = {C7840296-0271-8082-4669-51EE585352CC}
		{84A439EA-5E55-4376-BFAD-15DD896D0850} = {C7840296-0271-8082-4669-51EE585352CC}
		{9EE0A18B-FA71-4D11-BD68-C1CA6A4E5166} = {C7840296-0271-8082-4669-51EE585352CC}
	EndGlobalSection
EndGlobal
